
Microsoft Visual Studio Solution File, Format Version 12.00
# Visual Studio 2013
VisualStudioVersion = 12.0.31101.0
MinimumVisualStudioVersion = 10.0.40219.1
Project("{FAE04EC0-301F-11D3-BF4B-00C04F79EFBC}") = "ObjectChanged", "ObjectChanged.csproj", "{AEC0E2AC-5AE7-4900-A4FB-66E84DB44DDE}"
EndProject
Project("{FAE04EC0-301F-11D3-BF4B-00C04F79EFBC}") = "ObjectChanged.Tests", "ObjectChanged.Tests\ObjectChanged.Tests.csproj", "{925D085D-E798-4A14-8655-FDA7492D18D3}"
EndProject
Global
	GlobalSection(SolutionConfigurationPlatforms) = preSolution
		Debug|Any CPU = Debug|Any CPU
		Release|Any CPU = Release|Any CPU
	EndGlobalSection
	GlobalSection(ProjectConfigurationPlatforms) = postSolution
		{AEC0E2AC-5AE7-4900-A4FB-66E84DB44DDE}.Debug|Any CPU.ActiveCfg = Debug|Any CPU
		{AEC0E2AC-5AE7-4900-A4FB-66E84DB44DDE}.Debug|Any CPU.Build.0 = Debug|Any CPU
		{AEC0E2AC-5AE7-4900-A4FB-66E84DB44DDE}.Release|Any CPU.ActiveCfg = Release|Any CPU
		{AEC0E2AC-5AE7-4900-A4FB-66E84DB44DDE}.Release|Any CPU.Build.0 = Release|Any CPU
		{925D085D-E798-4A14-8655-FDA7492D18D3}.Debug|Any CPU.ActiveCfg = Debug|Any CPU
		{925D085D-E798-4A14-8655-FDA7492D18D3}.Debug|Any CPU.Build.0 = Debug|Any CPU
		{925D085D-E798-4A14-8655-FDA7492D18D3}.Release|Any CPU.ActiveCfg = Release|Any CPU
		{925D085D-E798-4A14-8655-FDA7492D18D3}.Release|Any CPU.Build.0 = Release|Any CPU
	EndGlobalSection
	GlobalSection(SolutionProperties) = preSolution
		HideSolutionNode = FALSE
	EndGlobalSection
EndGlobal
